
Microsoft Visual Studio Solution File, Format Version 12.00
# Visual Studio Version 17
VisualStudioVersion = 17.14.37502.11 d17.14
MinimumVisualStudioVersion = 10.0.40219.1
Project("{FAE04EC0-301F-11D3-BF4B-00C04F79EFBC}") = "ConsoleApp4", "ConsoleApp4.csproj", "{24A20C80-D011-4785-9A66-9F337807F4E4}"
EndProject
Global
	GlobalSection(SolutionConfigurationPlatforms) = preSolution
		Debug|Any CPU = Debug|Any CPU
		Release|Any CPU = Release|Any CPU
	EndGlobalSection
	GlobalSection(ProjectConfigurationPlatforms) = postSolution
		{24A20C80-D011-4785-9A66-9F337807F4E4}.Debug|Any CPU.ActiveCfg = Debug|Any CPU
		{24A20C80-D011-4785-9A66-9F337807F4E4}.Debug|Any CPU.Build.0 = Debug|Any CPU
		{24A20C80-D011-4785-9A66-9F337807F4E4}.Release|Any CPU.ActiveCfg = Release|Any CPU
		{24A20C80-D011-4785-9A66-9F337807F4E4}.Release|Any CPU.Build.0 = Release|Any CPU
	EndGlobalSection
	GlobalSection(SolutionProperties) = preSolution
		HideSolutionNode = FALSE
	EndGlobalSection
	GlobalSection(ExtensibilityGlobals) = postSolution
		SolutionGuid = {9264D109-5F79-4E34-9540-D9E9C82B100B}
	EndGlobalSection
EndGlobal
